
Microsoft Visual Studio Solution File, Format Version 12.00
# Visual Studio Version 16
VisualStudioVersion = 16.0.29009.5
MinimumVisualStudioVersion = 10.0.40219.1
Project("{FAE04EC0-301F-11D3-BF4B-00C04F79EFBC}") = "BuildRetainer", "BuildRetainer\BuildRetainer.csproj", "{8E6F48F2-6DFE-46C6-89E2-84FA7A06B319}"
EndProject
Global
	GlobalSection(SolutionConfigurationPlatforms) = preSolution
		Debug|Any CPU = Debug|Any CPU
		Release|Any CPU = Release|Any CPU
	EndGlobalSection
	GlobalSection(ProjectConfigurationPlatforms) = postSolution
		{8E6F48F2-6DFE-46C6-89E2-84FA7A06B319}.Debug|Any CPU.ActiveCfg = Debug|Any CPU
		{8E6F48F2-6DFE-46C6-89E2-84FA7A06B319}.Debug|Any CPU.Build.0 = Debug|Any CPU
		{8E6F48F2-6DFE-46C6-89E2-84FA7A06B319}.Release|Any CPU.ActiveCfg = Release|Any CPU
		{8E6F48F2-6DFE-46C6-89E2-84FA7A06B319}.Release|Any CPU.Build.0 = Release|Any CPU
	EndGlobalSection
	GlobalSection(SolutionProperties) = preSolution
		HideSolutionNode = FALSE
	EndGlobalSection
	GlobalSection(ExtensibilityGlobals) = postSolution
		SolutionGuid = {C742BDC0-9DB2-4015-BE7A-A137572C7DE1}
	EndGlobalSection
EndGlobal
